
Microsoft Visual Studio Solution File, Format Version 12.00
# Visual Studio Version 17
VisualStudioVersion = 17.2.32630.192
MinimumVisualStudioVersion = 10.0.40219.1
Project("{8BC9CEB8-8B4A-11D0-8D11-00A0C91BC942}") = "c++팀플", "c++팀플\c++팀플.vcxproj", "{6AB9F3B8-AE17-4907-BF05-1BA2C714714D}"
EndProject
Global
	GlobalSection(SolutionConfigurationPlatforms) = preSolution
		Debug|x64 = Debug|x64
		Debug|x86 = Debug|x86
		Release|x64 = Release|x64
		Release|x86 = Release|x86
	EndGlobalSection
	GlobalSection(ProjectConfigurationPlatforms) = postSolution
		{6AB9F3B8-AE17-4907-BF05-1BA2C714714D}.Debug|x64.ActiveCfg = Debug|x64
		{6AB9F3B8-AE17-4907-BF05-1BA2C714714D}.Debug|x64.Build.0 = Debug|x64
		{6AB9F3B8-AE17-4907-BF05-1BA2C714714D}.Debug|x86.ActiveCfg = Debug|Win32
		{6AB9F3B8-AE17-4907-BF05-1BA2C714714D}.Debug|x86.Build.0 = Debug|Win32
		{6AB9F3B8-AE17-4907-BF05-1BA2C714714D}.Release|x64.ActiveCfg = Release|x64
		{6AB9F3B8-AE17-4907-BF05-1BA2C714714D}.Release|x64.Build.0 = Release|x64
		{6AB9F3B8-AE17-4907-BF05-1BA2C714714D}.Release|x86.ActiveCfg = Release|Win32
		{6AB9F3B8-AE17-4907-BF05-1BA2C714714D}.Release|x86.Build.0 = Release|Win32
	EndGlobalSection
	GlobalSection(SolutionProperties) = preSolution
		HideSolutionNode = FALSE
	EndGlobalSection
	GlobalSection(ExtensibilityGlobals) = postSolution
		SolutionGuid = {12900F8B-073D-4215-9923-771E60083E0F}
	EndGlobalSection
EndGlobal
